{
    "_readme": [
        "This file locks the dependencies of your project to a known state",
        "Read more about it at https://getcomposer.org/doc/01-basic-usage.md#installing-dependencies",
        "This file is @generated automatically"
    ],
    "content-hash": "a9ba1a3241692970298ffdf524ff07f9",
    "packages": [
        {
            "name": "s9e/regexp-builder",
            "version": "1.4.6",
            "source": {
                "type": "git",
                "url": "https://github.com/s9e/RegexpBuilder.git",
                "reference": "3a646bc7c40dba41903b7065f32230721e00df3a"
            },
            "dist": {
                "type": "zip",
                "url": "https://api.github.com/repos/s9e/RegexpBuilder/zipball/3a646bc7c40dba41903b7065f32230721e00df3a",
                "reference": "3a646bc7c40dba41903b7065f32230721e00df3a",
                "shasum": ""
            },
            "require": {
                "lib-pcre": ">=7.2",
                "php": ">=7.1"
            },
            "require-dev": {
                "phpunit/phpunit": ">=9.1"
            },
            "type": "library",
            "autoload": {
                "psr-4": {
                    "s9e\\RegexpBuilder\\": "src"
                }
            },
            "notification-url": "https://packagist.org/downloads/",
            "license": [
                "MIT"
            ],
            "description": "Single-purpose library that generates regular expressions that match a list of strings.",
            "homepage": "https://github.com/s9e/RegexpBuilder/",
            "keywords": [
                "regexp"
            ],
            "support": {
                "issues": "https://github.com/s9e/RegexpBuilder/issues",
                "source": "https://github.com/s9e/RegexpBuilder/tree/1.4.6"
            },
            "time": "2022-03-05T16:22:35+00:00"
        },
        {
            "name": "s9e/sweetdom",
            "version": "3.4.1",
            "source": {
                "type": "git",
                "url": "https://github.com/s9e/SweetDOM.git",
                "reference": "ef3a7d2745b30b4ad0d1d3d60be391a3604c69dd"
            },
            "dist": {
                "type": "zip",
                "url": "https://api.github.com/repos/s9e/SweetDOM/zipball/ef3a7d2745b30b4ad0d1d3d60be391a3604c69dd",
                "reference": "ef3a7d2745b30b4ad0d1d3d60be391a3604c69dd",
                "shasum": ""
            },
            "require": {
                "ext-dom": "*",
                "php": "^8.1"
            },
            "require-dev": {
                "friendsofphp/php-cs-fixer": "^3.52",
                "phpunit/phpunit": "^10.0",
                "s9e/repdoc": "dev-wip"
            },
            "type": "library",
            "autoload": {
                "psr-4": {
                    "s9e\\SweetDOM\\": "src"
                }
            },
            "notification-url": "https://packagist.org/downloads/",
            "license": [
                "MIT"
            ],
            "description": "Syntactic sugar for the DOM API with a focus on XSLT 1.0 template manipulation.",
            "homepage": "https://github.com/s9e/SweetDOM/",
            "keywords": [
                "dom",
                "xsl",
                "xslt"
            ],
            "support": {
                "issues": "https://github.com/s9e/SweetDOM/issues",
                "source": "https://github.com/s9e/SweetDOM/tree/3.4.1"
            },
            "time": "2024-03-23T14:03:01+00:00"
        },
        {
            "name": "s9e/text-formatter",
            "version": "2.18.0",
            "source": {
                "type": "git",
                "url": "https://github.com/s9e/TextFormatter.git",
                "reference": "4970711f25d94306b4835b723b9cc5010170ea37"
            },
            "dist": {
                "type": "zip",
                "url": "https://api.github.com/repos/s9e/TextFormatter/zipball/4970711f25d94306b4835b723b9cc5010170ea37",
                "reference": "4970711f25d94306b4835b723b9cc5010170ea37",
                "shasum": ""
            },
            "require": {
                "ext-dom": "*",
                "ext-filter": "*",
                "lib-pcre": ">=8.13",
                "php": "^8.1",
                "s9e/regexp-builder": "^1.4",
                "s9e/sweetdom": "^3.4"
            },
            "require-dev": {
                "code-lts/doctum": "*",
                "friendsofphp/php-cs-fixer": "^3.52",
                "matthiasmullie/minify": "*",
                "phpunit/phpunit": "^9.5"
            },
            "suggest": {
                "ext-curl": "Improves the performance of the MediaEmbed plugin and some JavaScript minifiers",
                "ext-intl": "Allows international URLs to be accepted by the URL filter",
                "ext-json": "Enables the generation of a JavaScript parser",
                "ext-mbstring": "Improves the performance of the PHP renderer",
                "ext-tokenizer": "Improves the performance of the PHP renderer",
                "ext-xsl": "Enables the XSLT renderer",
                "ext-zlib": "Enables gzip compression when scraping content via the MediaEmbed plugin"
            },
            "type": "library",
            "extra": {
                "version": "2.18.0"
            },
            "autoload": {
                "psr-4": {
                    "s9e\\TextFormatter\\": "src"
                }
            },
            "notification-url": "https://packagist.org/downloads/",
            "license": [
                "MIT"
            ],
            "description": "Multi-purpose text formatting and markup library. Plugins offer support for BBCodes, Markdown, emoticons, HTML, embedding third-party media (YouTube, etc...), enhanced typography and more.",
            "homepage": "https://github.com/s9e/TextFormatter/",
            "keywords": [
                "bbcode",
                "bbcodes",
                "blog",
                "censor",
                "embed",
                "emoji",
                "emoticons",
                "engine",
                "forum",
                "html",
                "markdown",
                "markup",
                "media",
                "parser",
                "shortcodes"
            ],
            "support": {
                "issues": "https://github.com/s9e/TextFormatter/issues",
                "source": "https://github.com/s9e/TextFormatter/tree/2.18.0"
            },
            "time": "2024-07-24T14:50:52+00:00"
        }
    ],
    "packages-dev": [],
    "aliases": [],
    "minimum-stability": "stable",
    "stability-flags": {},
    "prefer-stable": false,
    "prefer-lowest": false,
    "platform": {},
    "platform-dev": {},
    "plugin-api-version": "2.6.0"
}
